{
  "name": "scripts",
  "lockfileVersion": 3,
  "requires": true,
  "packages": {
    "": {
      "devDependencies": {
        "hyparquet": "^1.26.2"
      }
    },
    "node_modules/hyparquet": {
      "version": "1.26.2",
      "resolved": "https://registry.npmmirror.com/hyparquet/-/hyparquet-1.26.2.tgz",
      "integrity": "sha512-6qjyK7R2tZ4vnYP1J8NpcCeDPK1UIYk3xh5XgtQUnUM1iwkYbvI6Mz3xtmpMd6AfCCeoUoJVbEq29k5GReZRWA==",
      "dev": true,
      "license": "MIT"
    }
  }
}
